// !$*UTF8*$!
{
	archiveVersion = 1;
	classes = {
	};
	objectVersion = 46;
	objects = {

/* Begin PBXBuildFile section */
		183637C3147CBB02009FAA2A /* UIKit.framework in Frameworks */ = {isa = PBXBuildFile; fileRef = 183637C2147CBB02009FAA2A /* UIKit.framework */; };
		183637C5147CBB02009FAA2A /* Foundation.framework in Frameworks */ = {isa = PBXBuildFile; fileRef = 183637C4147CBB02009FAA2A /* Foundation.framework */; };
		183637C7147CBB02009FAA2A /* CoreGraphics.framework in Frameworks */ = {isa = PBXBuildFile; fileRef = 183637C6147CBB02009FAA2A /* CoreGraphics.framework */; };
		183637CD147CBB02009FAA2A /* InfoPlist.strings in Resources */ = {isa = PBXBuildFile; fileRef = 183637CB147CBB02009FAA2A /* InfoPlist.strings */; };
		183637CF147CBB02009FAA2A /* main.m in Sources */ = {isa = PBXBuildFile; fileRef = 183637CE147CBB02009FAA2A /* main.m */; };
		183637D3147CBB02009FAA2A /* CalculatorAppDelegate.m in Sources */ = {isa = PBXBuildFile; fileRef = 183637D2147CBB02009FAA2A /* CalculatorAppDelegate.m */; };
		183637D6147CBB02009FAA2A /* MainStoryboard.storyboard in Resources */ = {isa = PBXBuildFile; fileRef = 183637D4147CBB02009FAA2A /* MainStoryboard.storyboard */; };
		183637D9147CBB02009FAA2A /* CalculatorViewController.m in Sources */ = {isa = PBXBuildFile; fileRef = 183637D8147CBB02009FAA2A /* CalculatorViewController.m */; };
		183637E1147CCB11009FAA2A /* CalculatorBrain.m in Sources */ = {isa = PBXBuildFile; fileRef = 183637E0147CCB11009FAA2A /* CalculatorBrain.m */; };
/* End PBXBuildFile section */

/* Begin PBXFileReference section */
		183637BE147CBB02009FAA2A /* Calculator.app */ = {isa = PBXFileReference; explicitFileType = wrapper.application; includeInIndex = 0; path = Calculator.app; sourceTree = BUILT_PRODUCTS_DIR; };
		183637C2147CBB02009FAA2A /* UIKit.framework */ = {isa = PBXFileReference; lastKnownFileType = wrapper.framework; name = UIKit.framework; path = System/Library/Frameworks/UIKit.framework; sourceTree = SDKROOT; };
		183637C4147CBB02009FAA2A /* Foundation.framework */ = {isa = PBXFileReference; lastKnownFileType = wrapper.framework; name = Foundation.framework; path = System/Library/Frameworks/Foundation.framework; sourceTree = SDKROOT; };
		183637C6147CBB02009FAA2A /* CoreGraphics.framework */ = {isa = PBXFileReference; lastKnownFileType = wrapper.framework; name = CoreGraphics.framework; path = System/Library/Frameworks/CoreGraphics.framework; sourceTree = SDKROOT; };
		183637CA147CBB02009FAA2A /* Calculator-Info.plist */ = {isa = PBXFileReference; lastKnownFileType = text.plist.xml; path = "Calculator-Info.plist"; sourceTree = "<group>"; };
		183637CC147CBB02009FAA2A /* en */ = {isa = PBXFileReference; lastKnownFileType = text.plist.strings; name = en; path = en.lproj/InfoPlist.strings; sourceTree = "<group>"; };
		183637CE147CBB02009FAA2A /* main.m */ = {isa = PBXFileReference; lastKnownFileType = sourcecode.c.objc; path = main.m; sourceTree = "<group>"; };
		183637D0147CBB02009FAA2A /* Calculator-Prefix.pch */ = {isa = PBXFileReference; lastKnownFileType = sourcecode.c.h; path = "Calculator-Prefix.pch"; sourceTree = "<group>"; };
		183637D1147CBB02009FAA2A /* CalculatorAppDelegate.h */ = {isa = PBXFileReference; lastKnownFileType = sourcecode.c.h; path = CalculatorAppDelegate.h; sourceTree = "<group>"; };
		183637D2147CBB02009FAA2A /* CalculatorAppDelegate.m */ = {isa = PBXFileReference; lastKnownFileType = sourcecode.c.objc; path = CalculatorAppDelegate.m; sourceTree = "<group>"; };
		183637D5147CBB02009FAA2A /* en */ = {isa = PBXFileReference; lastKnownFileType = file.storyboard; name = en; path = en.lproj/MainStoryboard.storyboard; sourceTree = "<group>"; };
		183637D7147CBB02009FAA2A /* CalculatorViewController.h */ = {isa = PBXFileReference; lastKnownFileType = sourcecode.c.h; path = CalculatorViewController.h; sourceTree = "<group>"; };
		183637D8147CBB02009FAA2A /* CalculatorViewController.m */ = {isa = PBXFileReference; lastKnownFileType = sourcecode.c.objc; path = CalculatorViewController.m; sourceTree = "<group>"; };
		183637DF147CCB11009FAA2A /* CalculatorBrain.h */ = {isa = PBXFileReference; fileEncoding = 4; lastKnownFileType = sourcecode.c.h; path = CalculatorBrain.h; sourceTree = "<group>"; };
		183637E0147CCB11009FAA2A /* CalculatorBrain.m */ = {isa = PBXFileReference; fileEncoding = 4; lastKnownFileType = sourcecode.c.objc; path = CalculatorBrain.m; sourceTree = "<group>"; };
/* End PBXFileReference section */

/* Begin PBXFrameworksBuildPhase section */
		183637BB147CBB01009FAA2A /* Frameworks */ = {
			isa = PBXFrameworksBuildPhase;
			buildActionMask = 2147483647;
			files = (
				183637C3147CBB02009FAA2A /* UIKit.framework in Frameworks */,
				183637C5147CBB02009FAA2A /* Foundation.framework in Frameworks */,
				183637C7147CBB02009FAA2A /* CoreGraphics.framework in Frameworks */,
			);
			runOnlyForDeploymentPostprocessing = 0;
		};
/* End PBXFrameworksBuildPhase section */

/* Begin PBXGroup section */
		183637B3147CBB01009FAA2A = {
			isa = PBXGroup;
			children = (
				183637C8147CBB02009FAA2A /* Calculator */,
				183637C1147CBB02009FAA2A /* Frameworks */,
				183637BF147CBB02009FAA2A /* Products */,
			);
			sourceTree = "<group>";
		};
		183637BF147CBB02009FAA2A /* Products */ = {
			isa = PBXGroup;
			children = (
				183637BE147CBB02009FAA2A /* Calculator.app */,
			);
			name = Products;
			sourceTree = "<group>";
		};
		183637C1147CBB02009FAA2A /* Frameworks */ = {
			isa = PBXGroup;
			children = (
				183637C2147CBB02009FAA2A /* UIKit.framework */,
				183637C4147CBB02009FAA2A /* Foundation.framework */,
				183637C6147CBB02009FAA2A /* CoreGraphics.framework */,
			);
			name = Frameworks;
			sourceTree = "<group>";
		};
		183637C8147CBB02009FAA2A /* Calculator */ = {
			isa = PBXGroup;
			children = (
				183637DF147CCB11009FAA2A /* CalculatorBrain.h */,
				183637E0147CCB11009FAA2A /* CalculatorBrain.m */,
				183637D1147CBB02009FAA2A /* CalculatorAppDelegate.h */,
				183637D2147CBB02009FAA2A /* CalculatorAppDelegate.m */,
				183637D4147CBB02009FAA2A /* MainStoryboard.storyboard */,
				183637D7147CBB02009FAA2A /* CalculatorViewController.h */,
				183637D8147CBB02009FAA2A /* CalculatorViewController.m */,
				183637C9147CBB02009FAA2A /* Supporting Files */,
			);
			path = Calculator;
			sourceTree = "<group>";
		};
		183637C9147CBB02009FAA2A /* Supporting Files */ = {
			isa = PBXGroup;
			children = (
				183637CA147CBB02009FAA2A /* Calculator-Info.plist */,
				183637CB147CBB02009FAA2A /* InfoPlist.strings */,
				183637CE147CBB02009FAA2A /* main.m */,
				183637D0147CBB02009FAA2A /* Calculator-Prefix.pch */,
			);
			name = "Supporting Files";
			sourceTree = "<group>";
		};
/* End PBXGroup section */

/* Begin PBXNativeTarget section */
		183637BD147CBB01009FAA2A /* Calculator */ = {
			isa = PBXNativeTarget;
			buildConfigurationList = 183637DC147CBB02009FAA2A /* Build configuration list for PBXNativeTarget "Calculator" */;
			buildPhases = (
				183637BA147CBB01009FAA2A /* Sources */,
				183637BB147CBB01009FAA2A /* Frameworks */,
				183637BC147CBB01009FAA2A /* Resources */,
			);
			buildRules = (
			);
			dependencies = (
			);
			name = Calculator;
			productName = Calculator;
			productReference = 183637BE147CBB02009FAA2A /* Calculator.app */;
			productType = "com.apple.product-type.application";
		};
/* End PBXNativeTarget section */

/* Begin PBXProject section */
		183637B5147CBB01009FAA2A /* Project object */ = {
			isa = PBXProject;
			attributes = {
				LastUpgradeCheck = 0420;
				ORGANIZATIONNAME = myLinkPower;
			};
			buildConfigurationList = 183637B8147CBB01009FAA2A /* Build configuration list for PBXProject "Calculator" */;
			compatibilityVersion = "Xcode 3.2";
			developmentRegion = English;
			hasScannedForEncodings = 0;
			knownRegions = (
				en,
			);
			mainGroup = 183637B3147CBB01009FAA2A;
			productRefGroup = 183637BF147CBB02009FAA2A /* Products */;
			projectDirPath = "";
			projectRoot = "";
			targets = (
				183637BD147CBB01009FAA2A /* Calculator */,
			);
		};
/* End PBXProject section */

/* Begin PBXResourcesBuildPhase section */
		183637BC147CBB01009FAA2A /* Resources */ = {
			isa = PBXResourcesBuildPhase;
			buildActionMask = 2147483647;
			files = (
				183637CD147CBB02009FAA2A /* InfoPlist.strings in Resources */,
				183637D6147CBB02009FAA2A /* MainStoryboard.storyboard in Resources */,
			);
			runOnlyForDeploymentPostprocessing = 0;
		};
/* End PBXResourcesBuildPhase section */

/* Begin PBXSourcesBuildPhase section */
		183637BA147CBB01009FAA2A /* Sources */ = {
			isa = PBXSourcesBuildPhase;
			buildActionMask = 2147483647;
			files = (
				183637CF147CBB02009FAA2A /* main.m in Sources */,
				183637D3147CBB02009FAA2A /* CalculatorAppDelegate.m in Sources */,
				183637D9147CBB02009FAA2A /* CalculatorViewController.m in Sources */,
				183637E1147CCB11009FAA2A /* CalculatorBrain.m in Sources */,
			);
			runOnlyForDeploymentPostprocessing = 0;
		};
/* End PBXSourcesBuildPhase section */

/* Begin PBXVariantGroup section */
		183637CB147CBB02009FAA2A /* InfoPlist.strings */ = {
			isa = PBXVariantGroup;
			children = (
				183637CC147CBB02009FAA2A /* en */,
			);
			name = InfoPlist.strings;
			sourceTree = "<group>";
		};
		183637D4147CBB02009FAA2A /* MainStoryboard.storyboard */ = {
			isa = PBXVariantGroup;
			children = (
				183637D5147CBB02009FAA2A /* en */,
			);
			name = MainStoryboard.storyboard;
			sourceTree = "<group>";
		};
/* End PBXVariantGroup section */

/* Begin XCBuildConfiguration section */
		183637DA147CBB02009FAA2A /* Debug */ = {
			isa = XCBuildConfiguration;
			buildSettings = {
				ALWAYS_SEARCH_USER_PATHS = NO;
				ARCHS = "$(ARCHS_STANDARD_32_BIT)";
				CLANG_ENABLE_OBJC_ARC = YES;
				"CODE_SIGN_IDENTITY[sdk=iphoneos*]" = "iPhone Developer";
				COPY_PHASE_STRIP = NO;
				GCC_C_LANGUAGE_STANDARD = gnu99;
				GCC_DYNAMIC_NO_PIC = NO;
				GCC_OPTIMIZATION_LEVEL = 0;
				GCC_PREPROCESSOR_DEFINITIONS = (
					"DEBUG=1",
					"$(inherited)",
				);
				GCC_SYMBOLS_PRIVATE_EXTERN = NO;
				GCC_VERSION = com.apple.compilers.llvm.clang.1_0;
				GCC_WARN_ABOUT_MISSING_PROTOTYPES = YES;
				GCC_WARN_ABOUT_RETURN_TYPE = YES;
				GCC_WARN_UNUSED_VARIABLE = YES;
				IPHONEOS_DEPLOYMENT_TARGET = 5.0;
				SDKROOT = iphoneos;
			};
			name = Debug;
		};
		183637DB147CBB02009FAA2A /* Release */ = {
			isa = XCBuildConfiguration;
			buildSettings = {
				ALWAYS_SEARCH_USER_PATHS = NO;
				ARCHS = "$(ARCHS_STANDARD_32_BIT)";
				CLANG_ENABLE_OBJC_ARC = YES;
				"CODE_SIGN_IDENTITY[sdk=iphoneos*]" = "iPhone Developer";
				COPY_PHASE_STRIP = YES;
				GCC_C_LANGUAGE_STANDARD = gnu99;
				GCC_VERSION = com.apple.compilers.llvm.clang.1_0;
				GCC_WARN_ABOUT_MISSING_PROTOTYPES = YES;
				GCC_WARN_ABOUT_RETURN_TYPE = YES;
				GCC_WARN_UNUSED_VARIABLE = YES;
				IPHONEOS_DEPLOYMENT_TARGET = 5.0;
				OTHER_CFLAGS = "-DNS_BLOCK_ASSERTIONS=1";
				SDKROOT = iphoneos;
				VALIDATE_PRODUCT = YES;
			};
			name = Release;
		};
		183637DD147CBB02009FAA2A /* Debug */ = {
			isa = XCBuildConfiguration;
			buildSettings = {
				GCC_PRECOMPILE_PREFIX_HEADER = YES;
				GCC_PREFIX_HEADER = "Calculator/Calculator-Prefix.pch";
				INFOPLIST_FILE = "Calculator/Calculator-Info.plist";
				IPHONEOS_DEPLOYMENT_TARGET = 5.0;
				PRODUCT_NAME = "$(TARGET_NAME)";
				WRAPPER_EXTENSION = app;
			};
			name = Debug;
		};
		183637DE147CBB02009FAA2A /* Release */ = {
			isa = XCBuildConfiguration;
			buildSettings = {
				GCC_PRECOMPILE_PREFIX_HEADER = YES;
				GCC_PREFIX_HEADER = "Calculator/Calculator-Prefix.pch";
				INFOPLIST_FILE = "Calculator/Calculator-Info.plist";
				IPHONEOS_DEPLOYMENT_TARGET = 5.0;
				PRODUCT_NAME = "$(TARGET_NAME)";
				WRAPPER_EXTENSION = app;
			};
			name = Release;
		};
/* End XCBuildConfiguration section */

/* Begin XCConfigurationList section */
		183637B8147CBB01009FAA2A /* Build configuration list for PBXProject "Calculator" */ = {
			isa = XCConfigurationList;
			buildConfigurations = (
				183637DA147CBB02009FAA2A /* Debug */,
				183637DB147CBB02009FAA2A /* Release */,
			);
			defaultConfigurationIsVisible = 0;
			defaultConfigurationName = Release;
		};
		183637DC147CBB02009FAA2A /* Build configuration list for PBXNativeTarget "Calculator" */ = {
			isa = XCConfigurationList;
			buildConfigurations = (
				183637DD147CBB02009FAA2A /* Debug */,
				183637DE147CBB02009FAA2A /* Release */,
			);
			defaultConfigurationIsVisible = 0;
		};
/* End XCConfigurationList section */
	};
	rootObject = 183637B5147CBB01009FAA2A /* Project object */;
}
